
Microsoft Visual Studio Solution File, Format Version 12.00
# Visual Studio Version 17
VisualStudioVersion = 17.5.33502.453
MinimumVisualStudioVersion = 10.0.40219.1
Project("{FAE04EC0-301F-11D3-BF4B-00C04F79EFBC}") = "Peabux.API", "Peabux.API\Peabux.API.csproj", "{00F00E31-A9CC-4EF4-AE75-53D48D483073}"
EndProject
Global
	GlobalSection(SolutionConfigurationPlatforms) = preSolution
		Debug|Any CPU = Debug|Any CPU
		Release|Any CPU = Release|Any CPU
	EndGlobalSection
	GlobalSection(ProjectConfigurationPlatforms) = postSolution
		{00F00E31-A9CC-4EF4-AE75-53D48D483073}.Debug|Any CPU.ActiveCfg = Debug|Any CPU
		{00F00E31-A9CC-4EF4-AE75-53D48D483073}.Debug|Any CPU.Build.0 = Debug|Any CPU
		{00F00E31-A9CC-4EF4-AE75-53D48D483073}.Release|Any CPU.ActiveCfg = Release|Any CPU
		{00F00E31-A9CC-4EF4-AE75-53D48D483073}.Release|Any CPU.Build.0 = Release|Any CPU
	EndGlobalSection
	GlobalSection(SolutionProperties) = preSolution
		HideSolutionNode = FALSE
	EndGlobalSection
	GlobalSection(ExtensibilityGlobals) = postSolution
		SolutionGuid = {61F71A81-C358-4FC6-B407-603793D354AC}
	EndGlobalSection
EndGlobal
